
Microsoft Visual Studio Solution File, Format Version 12.00
# Visual Studio 14
VisualStudioVersion = 14.0.24720.0
MinimumVisualStudioVersion = 10.0.40219.1
Project("{8BC9CEB8-8B4A-11D0-8D11-00A0C91BC942}") = "ATlib", "platform\win\ATlib\ATlib.vcxproj", "{3509C4AD-958E-4960-A74B-5586C46C37FD}"
EndProject
Project("{2150E333-8FDC-42A3-9474-1A3956D46DE8}") = "ATutl", "ATutl", "{3053A099-B836-48C4-B11B-1059E5029ECB}"
EndProject
Project("{8BC9CEB8-8B4A-11D0-8D11-00A0C91BC942}") = "ATutlCommon", "platform\win\ATutl\ATutlCommon\ATutlCommon.vcxproj", "{70611EC6-FF28-4CF2-9C8A-5D1CC70C321C}"
	ProjectSection(ProjectDependencies) = postProject
		{3509C4AD-958E-4960-A74B-5586C46C37FD} = {3509C4AD-958E-4960-A74B-5586C46C37FD}
	EndProjectSection
EndProject
Project("{8BC9CEB8-8B4A-11D0-8D11-00A0C91BC942}") = "ATutlBatchManager", "platform\win\ATutl\ATutlBatchManager\ATutlBatchManager.vcxproj", "{2ED1CF09-0233-4A86-B424-D78DC724C69A}"
	ProjectSection(ProjectDependencies) = postProject
		{70611EC6-FF28-4CF2-9C8A-5D1CC70C321C} = {70611EC6-FF28-4CF2-9C8A-5D1CC70C321C}
	EndProjectSection
EndProject
Project("{2150E333-8FDC-42A3-9474-1A3956D46DE8}") = "ATBat", "ATBat", "{4BEB2D2F-13FD-4D4F-9987-8AE075D2D48A}"
EndProject
Project("{8BC9CEB8-8B4A-11D0-8D11-00A0C91BC942}") = "ATbatBaseProc", "platform\win\ATbat\ATbatBaseProc\ATbatBaseProc.vcxproj", "{6A9EBEC0-8E5A-4BC8-9F7F-2EC638A026E7}"
	ProjectSection(ProjectDependencies) = postProject
		{3509C4AD-958E-4960-A74B-5586C46C37FD} = {3509C4AD-958E-4960-A74B-5586C46C37FD}
	EndProjectSection
EndProject
Project("{8BC9CEB8-8B4A-11D0-8D11-00A0C91BC942}") = "ATgae", "platform\win\ATgae\ATgae.vcxproj", "{E20784F1-0651-4F05-BCCE-AA0C3F8488B6}"
EndProject
Global
	GlobalSection(SolutionConfigurationPlatforms) = preSolution
		Debug|Win32 = Debug|Win32
		Release|Win32 = Release|Win32
	EndGlobalSection
	GlobalSection(ProjectConfigurationPlatforms) = postSolution
		{3509C4AD-958E-4960-A74B-5586C46C37FD}.Debug|Win32.ActiveCfg = Debug|Win32
		{3509C4AD-958E-4960-A74B-5586C46C37FD}.Debug|Win32.Build.0 = Debug|Win32
		{3509C4AD-958E-4960-A74B-5586C46C37FD}.Release|Win32.ActiveCfg = Release|Win32
		{3509C4AD-958E-4960-A74B-5586C46C37FD}.Release|Win32.Build.0 = Release|Win32
		{70611EC6-FF28-4CF2-9C8A-5D1CC70C321C}.Debug|Win32.ActiveCfg = Debug|Win32
		{70611EC6-FF28-4CF2-9C8A-5D1CC70C321C}.Debug|Win32.Build.0 = Debug|Win32
		{70611EC6-FF28-4CF2-9C8A-5D1CC70C321C}.Release|Win32.ActiveCfg = Release|Win32
		{70611EC6-FF28-4CF2-9C8A-5D1CC70C321C}.Release|Win32.Build.0 = Release|Win32
		{2ED1CF09-0233-4A86-B424-D78DC724C69A}.Debug|Win32.ActiveCfg = Debug|Win32
		{2ED1CF09-0233-4A86-B424-D78DC724C69A}.Debug|Win32.Build.0 = Debug|Win32
		{2ED1CF09-0233-4A86-B424-D78DC724C69A}.Release|Win32.ActiveCfg = Release|Win32
		{2ED1CF09-0233-4A86-B424-D78DC724C69A}.Release|Win32.Build.0 = Release|Win32
		{6A9EBEC0-8E5A-4BC8-9F7F-2EC638A026E7}.Debug|Win32.ActiveCfg = Debug|Win32
		{6A9EBEC0-8E5A-4BC8-9F7F-2EC638A026E7}.Debug|Win32.Build.0 = Debug|Win32
		{6A9EBEC0-8E5A-4BC8-9F7F-2EC638A026E7}.Release|Win32.ActiveCfg = Release|Win32
		{6A9EBEC0-8E5A-4BC8-9F7F-2EC638A026E7}.Release|Win32.Build.0 = Release|Win32
		{E20784F1-0651-4F05-BCCE-AA0C3F8488B6}.Debug|Win32.ActiveCfg = Debug|Win32
		{E20784F1-0651-4F05-BCCE-AA0C3F8488B6}.Debug|Win32.Build.0 = Debug|Win32
		{E20784F1-0651-4F05-BCCE-AA0C3F8488B6}.Release|Win32.ActiveCfg = Release|Win32
		{E20784F1-0651-4F05-BCCE-AA0C3F8488B6}.Release|Win32.Build.0 = Release|Win32
	EndGlobalSection
	GlobalSection(SolutionProperties) = preSolution
		HideSolutionNode = FALSE
	EndGlobalSection
	GlobalSection(NestedProjects) = preSolution
		{70611EC6-FF28-4CF2-9C8A-5D1CC70C321C} = {3053A099-B836-48C4-B11B-1059E5029ECB}
		{2ED1CF09-0233-4A86-B424-D78DC724C69A} = {3053A099-B836-48C4-B11B-1059E5029ECB}
		{6A9EBEC0-8E5A-4BC8-9F7F-2EC638A026E7} = {4BEB2D2F-13FD-4D4F-9987-8AE075D2D48A}
	EndGlobalSection
	GlobalSection(TestCaseManagementSettings) = postSolution
		CategoryFile = test\AKATSUKI.vsmdi
	EndGlobalSection
EndGlobal
