<?xml version="1.0" encoding="utf-8"?>
<Project ToolsVersion="4.0" xmlns="http://schemas.microsoft.com/developer/msbuild/2003">
  <ItemGroup>
    <Filter Include="ソース ファイル">
      <UniqueIdentifier>{4FC737F1-C7A5-4376-A066-2A32D752A2FF}</UniqueIdentifier>
      <Extensions>cpp;c;cc;cxx;def;odl;idl;hpj;bat;asm;asmx</Extensions>
    </Filter>
    <Filter Include="ヘッダー ファイル">
      <UniqueIdentifier>{93995380-89BD-4b04-88EB-625FBE52EBFB}</UniqueIdentifier>
      <Extensions>h;hpp;hxx;hm;inl;inc;xsd</Extensions>
    </Filter>
    <Filter Include="リソース ファイル">
      <UniqueIdentifier>{67DA6AB6-F800-4c08-8B7A-83BB121AAD01}</UniqueIdentifier>
      <Extensions>rc;ico;cur;bmp;dlg;rc2;rct;bin;rgs;gif;jpg;jpeg;jpe;resx;tiff;tif;png;wav;mfcribbon-ms</Extensions>
    </Filter>
    <Filter Include="ヘッダー ファイル\core">
      <UniqueIdentifier>{efe5a12c-7d99-4218-82d6-05569c8c8f16}</UniqueIdentifier>
    </Filter>
    <Filter Include="ヘッダー ファイル\engine">
      <UniqueIdentifier>{86c49f60-f12e-4ff6-b58f-bfd541b8fd64}</UniqueIdentifier>
    </Filter>
    <Filter Include="ソース ファイル\core">
      <UniqueIdentifier>{cbd87aab-a1ec-4672-b455-ab2d92afb446}</UniqueIdentifier>
    </Filter>
    <Filter Include="ソース ファイル\engine">
      <UniqueIdentifier>{7de3fd05-ceb7-4502-9ecc-277bec44e6a1}</UniqueIdentifier>
    </Filter>
    <Filter Include="ヘッダー ファイル\engine\window">
      <UniqueIdentifier>{70153270-311a-42fd-9387-bc2fbae87582}</UniqueIdentifier>
    </Filter>
    <Filter Include="ヘッダー ファイル\engine\resources">
      <UniqueIdentifier>{bf5320fa-2715-4189-8846-020c2157d79e}</UniqueIdentifier>
    </Filter>
    <Filter Include="ヘッダー ファイル\engine\gameapp">
      <UniqueIdentifier>{8021604e-b0cc-41a1-a1d7-6198bc8f6634}</UniqueIdentifier>
    </Filter>
    <Filter Include="ヘッダー ファイル\core\base">
      <UniqueIdentifier>{495053d3-1b72-42e1-abc3-8c75c04e91a1}</UniqueIdentifier>
    </Filter>
    <Filter Include="ヘッダー ファイル\core\coresets">
      <UniqueIdentifier>{1285767d-9584-466c-ba09-29e2aece656c}</UniqueIdentifier>
    </Filter>
    <Filter Include="ヘッダー ファイル\core\coresets\directx">
      <UniqueIdentifier>{eb27207d-1165-4a13-8e50-03f38d685d90}</UniqueIdentifier>
    </Filter>
    <Filter Include="ソース ファイル\engine\window">
      <UniqueIdentifier>{ecc47b27-538e-4622-84ed-eaf8d2c811cc}</UniqueIdentifier>
    </Filter>
  </ItemGroup>
  <ItemGroup>
    <ClInclude Include="..\..\include\ATgae\engine\window\ATgaeWindowManager.h">
      <Filter>ヘッダー ファイル\engine\window</Filter>
    </ClInclude>
    <ClInclude Include="..\..\include\ATgae\engine\window\ATgaeWindowInfo.h">
      <Filter>ヘッダー ファイル\engine\window</Filter>
    </ClInclude>
  </ItemGroup>
  <ItemGroup>
    <ClCompile Include="engine\window\ATgaeWindowManager.cpp">
      <Filter>ソース ファイル\engine\window</Filter>
    </ClCompile>
  </ItemGroup>
</Project>