// !$*UTF8*$!
{
	archiveVersion = 1;
	classes = {
	};
	objectVersion = 46;
	objects = {

/* Begin PBXBuildFile section */
		D3EBBD961DB7C1870066AB3E /* main.cpp in Sources */ = {isa = PBXBuildFile; fileRef = D3EBBD951DB7C1870066AB3E /* main.cpp */; };
		D3EBBD9F1DB7C1D80066AB3E /* GLUT.framework in Frameworks */ = {isa = PBXBuildFile; fileRef = D3EBBD9D1DB7C1D80066AB3E /* GLUT.framework */; };
		D3EBBDA01DB7C1D80066AB3E /* OpenGL.framework in Frameworks */ = {isa = PBXBuildFile; fileRef = D3EBBD9E1DB7C1D80066AB3E /* OpenGL.framework */; };
/* End PBXBuildFile section */

/* Begin PBXCopyFilesBuildPhase section */
		D3EBBD901DB7C1870066AB3E /* CopyFiles */ = {
			isa = PBXCopyFilesBuildPhase;
			buildActionMask = 2147483647;
			dstPath = /usr/share/man/man1/;
			dstSubfolderSpec = 0;
			files = (
			);
			runOnlyForDeploymentPostprocessing = 1;
		};
/* End PBXCopyFilesBuildPhase section */

/* Begin PBXFileReference section */
		D3EBBD921DB7C1870066AB3E /* ATExample */ = {isa = PBXFileReference; explicitFileType = "compiled.mach-o.executable"; includeInIndex = 0; path = ATExample; sourceTree = BUILT_PRODUCTS_DIR; };
		D3EBBD951DB7C1870066AB3E /* main.cpp */ = {isa = PBXFileReference; lastKnownFileType = sourcecode.cpp.cpp; path = main.cpp; sourceTree = "<group>"; };
		D3EBBD9D1DB7C1D80066AB3E /* GLUT.framework */ = {isa = PBXFileReference; lastKnownFileType = wrapper.framework; name = GLUT.framework; path = System/Library/Frameworks/GLUT.framework; sourceTree = SDKROOT; };
		D3EBBD9E1DB7C1D80066AB3E /* OpenGL.framework */ = {isa = PBXFileReference; lastKnownFileType = wrapper.framework; name = OpenGL.framework; path = System/Library/Frameworks/OpenGL.framework; sourceTree = SDKROOT; };
/* End PBXFileReference section */

/* Begin PBXFrameworksBuildPhase section */
		D3EBBD8F1DB7C1870066AB3E /* Frameworks */ = {
			isa = PBXFrameworksBuildPhase;
			buildActionMask = 2147483647;
			files = (
				D3EBBD9F1DB7C1D80066AB3E /* GLUT.framework in Frameworks */,
				D3EBBDA01DB7C1D80066AB3E /* OpenGL.framework in Frameworks */,
			);
			runOnlyForDeploymentPostprocessing = 0;
		};
/* End PBXFrameworksBuildPhase section */

/* Begin PBXGroup section */
		D3EBBD891DB7C1870066AB3E = {
			isa = PBXGroup;
			children = (
				D3EBBD941DB7C1870066AB3E /* ATExample */,
				D3EBBD931DB7C1870066AB3E /* Products */,
				D3EBBD9C1DB7C1D80066AB3E /* Frameworks */,
			);
			sourceTree = "<group>";
		};
		D3EBBD931DB7C1870066AB3E /* Products */ = {
			isa = PBXGroup;
			children = (
				D3EBBD921DB7C1870066AB3E /* ATExample */,
			);
			name = Products;
			sourceTree = "<group>";
		};
		D3EBBD941DB7C1870066AB3E /* ATExample */ = {
			isa = PBXGroup;
			children = (
				D3EBBD951DB7C1870066AB3E /* main.cpp */,
			);
			path = ATExample;
			sourceTree = "<group>";
		};
		D3EBBD9C1DB7C1D80066AB3E /* Frameworks */ = {
			isa = PBXGroup;
			children = (
				D3EBBD9D1DB7C1D80066AB3E /* GLUT.framework */,
				D3EBBD9E1DB7C1D80066AB3E /* OpenGL.framework */,
			);
			name = Frameworks;
			sourceTree = "<group>";
		};
/* End PBXGroup section */

/* Begin PBXNativeTarget section */
		D3EBBD911DB7C1870066AB3E /* ATExample */ = {
			isa = PBXNativeTarget;
			buildConfigurationList = D3EBBD991DB7C1870066AB3E /* Build configuration list for PBXNativeTarget "ATExample" */;
			buildPhases = (
				D3EBBD8E1DB7C1870066AB3E /* Sources */,
				D3EBBD8F1DB7C1870066AB3E /* Frameworks */,
				D3EBBD901DB7C1870066AB3E /* CopyFiles */,
			);
			buildRules = (
			);
			dependencies = (
			);
			name = ATExample;
			productName = ATExample;
			productReference = D3EBBD921DB7C1870066AB3E /* ATExample */;
			productType = "com.apple.product-type.tool";
		};
/* End PBXNativeTarget section */

/* Begin PBXProject section */
		D3EBBD8A1DB7C1870066AB3E /* Project object */ = {
			isa = PBXProject;
			attributes = {
				LastUpgradeCheck = 0800;
				ORGANIZATIONNAME = slowhand;
				TargetAttributes = {
					D3EBBD911DB7C1870066AB3E = {
						CreatedOnToolsVersion = 8.0;
						ProvisioningStyle = Automatic;
					};
				};
			};
			buildConfigurationList = D3EBBD8D1DB7C1870066AB3E /* Build configuration list for PBXProject "ATExample" */;
			compatibilityVersion = "Xcode 3.2";
			developmentRegion = English;
			hasScannedForEncodings = 0;
			knownRegions = (
				en,
			);
			mainGroup = D3EBBD891DB7C1870066AB3E;
			productRefGroup = D3EBBD931DB7C1870066AB3E /* Products */;
			projectDirPath = "";
			projectRoot = "";
			targets = (
				D3EBBD911DB7C1870066AB3E /* ATExample */,
			);
		};
/* End PBXProject section */

/* Begin PBXSourcesBuildPhase section */
		D3EBBD8E1DB7C1870066AB3E /* Sources */ = {
			isa = PBXSourcesBuildPhase;
			buildActionMask = 2147483647;
			files = (
				D3EBBD961DB7C1870066AB3E /* main.cpp in Sources */,
			);
			runOnlyForDeploymentPostprocessing = 0;
		};
/* End PBXSourcesBuildPhase section */

/* Begin XCBuildConfiguration section */
		D3EBBD971DB7C1870066AB3E /* Debug */ = {
			isa = XCBuildConfiguration;
			buildSettings = {
				ALWAYS_SEARCH_USER_PATHS = NO;
				CLANG_ANALYZER_NONNULL = YES;
				CLANG_CXX_LANGUAGE_STANDARD = "gnu++0x";
				CLANG_CXX_LIBRARY = "libc++";
				CLANG_ENABLE_MODULES = YES;
				CLANG_ENABLE_OBJC_ARC = YES;
				CLANG_WARN_BOOL_CONVERSION = YES;
				CLANG_WARN_CONSTANT_CONVERSION = YES;
				CLANG_WARN_DIRECT_OBJC_ISA_USAGE = YES_ERROR;
				CLANG_WARN_DOCUMENTATION_COMMENTS = YES;
				CLANG_WARN_EMPTY_BODY = YES;
				CLANG_WARN_ENUM_CONVERSION = YES;
				CLANG_WARN_INFINITE_RECURSION = YES;
				CLANG_WARN_INT_CONVERSION = YES;
				CLANG_WARN_OBJC_ROOT_CLASS = YES_ERROR;
				CLANG_WARN_SUSPICIOUS_MOVES = YES;
				CLANG_WARN_UNREACHABLE_CODE = YES;
				CLANG_WARN__DUPLICATE_METHOD_MATCH = YES;
				CODE_SIGN_IDENTITY = "-";
				COPY_PHASE_STRIP = NO;
				DEBUG_INFORMATION_FORMAT = dwarf;
				ENABLE_STRICT_OBJC_MSGSEND = YES;
				ENABLE_TESTABILITY = YES;
				GCC_C_LANGUAGE_STANDARD = gnu99;
				GCC_DYNAMIC_NO_PIC = NO;
				GCC_NO_COMMON_BLOCKS = YES;
				GCC_OPTIMIZATION_LEVEL = 0;
				GCC_PREPROCESSOR_DEFINITIONS = (
					"DEBUG=1",
					"$(inherited)",
				);
				GCC_WARN_64_TO_32_BIT_CONVERSION = YES;
				GCC_WARN_ABOUT_RETURN_TYPE = YES_ERROR;
				GCC_WARN_UNDECLARED_SELECTOR = YES;
				GCC_WARN_UNINITIALIZED_AUTOS = YES_AGGRESSIVE;
				GCC_WARN_UNUSED_FUNCTION = YES;
				GCC_WARN_UNUSED_VARIABLE = YES;
				MACOSX_DEPLOYMENT_TARGET = 10.11;
				MTL_ENABLE_DEBUG_INFO = YES;
				ONLY_ACTIVE_ARCH = YES;
				SDKROOT = macosx;
			};
			name = Debug;
		};
		D3EBBD981DB7C1870066AB3E /* Release */ = {
			isa = XCBuildConfiguration;
			buildSettings = {
				ALWAYS_SEARCH_USER_PATHS = NO;
				CLANG_ANALYZER_NONNULL = YES;
				CLANG_CXX_LANGUAGE_STANDARD = "gnu++0x";
				CLANG_CXX_LIBRARY = "libc++";
				CLANG_ENABLE_MODULES = YES;
				CLANG_ENABLE_OBJC_ARC = YES;
				CLANG_WARN_BOOL_CONVERSION = YES;
				CLANG_WARN_CONSTANT_CONVERSION = YES;
				CLANG_WARN_DIRECT_OBJC_ISA_USAGE = YES_ERROR;
				CLANG_WARN_DOCUMENTATION_COMMENTS = YES;
				CLANG_WARN_EMPTY_BODY = YES;
				CLANG_WARN_ENUM_CONVERSION = YES;
				CLANG_WARN_INFINITE_RECURSION = YES;
				CLANG_WARN_INT_CONVERSION = YES;
				CLANG_WARN_OBJC_ROOT_CLASS = YES_ERROR;
				CLANG_WARN_SUSPICIOUS_MOVES = YES;
				CLANG_WARN_UNREACHABLE_CODE = YES;
				CLANG_WARN__DUPLICATE_METHOD_MATCH = YES;
				CODE_SIGN_IDENTITY = "-";
				COPY_PHASE_STRIP = NO;
				DEBUG_INFORMATION_FORMAT = "dwarf-with-dsym";
				ENABLE_NS_ASSERTIONS = NO;
				ENABLE_STRICT_OBJC_MSGSEND = YES;
				GCC_C_LANGUAGE_STANDARD = gnu99;
				GCC_NO_COMMON_BLOCKS = YES;
				GCC_WARN_64_TO_32_BIT_CONVERSION = YES;
				GCC_WARN_ABOUT_RETURN_TYPE = YES_ERROR;
				GCC_WARN_UNDECLARED_SELECTOR = YES;
				GCC_WARN_UNINITIALIZED_AUTOS = YES_AGGRESSIVE;
				GCC_WARN_UNUSED_FUNCTION = YES;
				GCC_WARN_UNUSED_VARIABLE = YES;
				MACOSX_DEPLOYMENT_TARGET = 10.11;
				MTL_ENABLE_DEBUG_INFO = NO;
				SDKROOT = macosx;
			};
			name = Release;
		};
		D3EBBD9A1DB7C1870066AB3E /* Debug */ = {
			isa = XCBuildConfiguration;
			buildSettings = {
				HEADER_SEARCH_PATHS = "$(SRCROOT)/../../../src/include";
				LIBRARY_SEARCH_PATHS = "$(SRCROOT)/ATExample/lib";
				OTHER_LDFLAGS = "-lAKATSUKI";
				PRODUCT_NAME = "$(TARGET_NAME)";
			};
			name = Debug;
		};
		D3EBBD9B1DB7C1870066AB3E /* Release */ = {
			isa = XCBuildConfiguration;
			buildSettings = {
				HEADER_SEARCH_PATHS = "$(SRCROOT)/../../../src/include";
				LIBRARY_SEARCH_PATHS = "$(SRCROOT)/ATExample/lib";
				OTHER_LDFLAGS = "-lAKATSUKI";
				PRODUCT_NAME = "$(TARGET_NAME)";
			};
			name = Release;
		};
/* End XCBuildConfiguration section */

/* Begin XCConfigurationList section */
		D3EBBD8D1DB7C1870066AB3E /* Build configuration list for PBXProject "ATExample" */ = {
			isa = XCConfigurationList;
			buildConfigurations = (
				D3EBBD971DB7C1870066AB3E /* Debug */,
				D3EBBD981DB7C1870066AB3E /* Release */,
			);
			defaultConfigurationIsVisible = 0;
			defaultConfigurationName = Release;
		};
		D3EBBD991DB7C1870066AB3E /* Build configuration list for PBXNativeTarget "ATExample" */ = {
			isa = XCConfigurationList;
			buildConfigurations = (
				D3EBBD9A1DB7C1870066AB3E /* Debug */,
				D3EBBD9B1DB7C1870066AB3E /* Release */,
			);
			defaultConfigurationIsVisible = 0;
			defaultConfigurationName = Release;
		};
/* End XCConfigurationList section */
	};
	rootObject = D3EBBD8A1DB7C1870066AB3E /* Project object */;
}
